
Microsoft Visual Studio Solution File, Format Version 12.00
# Visual Studio 2013
VisualStudioVersion = 12.0.31101.0
MinimumVisualStudioVersion = 10.0.40219.1
Project("{FAE04EC0-301F-11D3-BF4B-00C04F79EFBC}") = "SGS", "SGS\SGS.csproj", "{925A5864-7761-4898-AB33-801EC85A0312}"
EndProject
Project("{2150E333-8FDC-42A3-9474-1A3956D46DE8}") = "Client", "Client", "{A64CE662-8C77-4EEF-8443-17E862B47A6F}"
EndProject
Project("{2150E333-8FDC-42A3-9474-1A3956D46DE8}") = "Server", "Server", "{C64D922A-7A45-423C-B2BB-F0BEE68B05F2}"
EndProject
Global
	GlobalSection(SolutionConfigurationPlatforms) = preSolution
		Debug|Any CPU = Debug|Any CPU
		Release|Any CPU = Release|Any CPU
	EndGlobalSection
	GlobalSection(ProjectConfigurationPlatforms) = postSolution
		{925A5864-7761-4898-AB33-801EC85A0312}.Debug|Any CPU.ActiveCfg = Debug|Any CPU
		{925A5864-7761-4898-AB33-801EC85A0312}.Debug|Any CPU.Build.0 = Debug|Any CPU
		{925A5864-7761-4898-AB33-801EC85A0312}.Release|Any CPU.ActiveCfg = Release|Any CPU
		{925A5864-7761-4898-AB33-801EC85A0312}.Release|Any CPU.Build.0 = Release|Any CPU
	EndGlobalSection
	GlobalSection(SolutionProperties) = preSolution
		HideSolutionNode = FALSE
	EndGlobalSection
	GlobalSection(NestedProjects) = preSolution
		{925A5864-7761-4898-AB33-801EC85A0312} = {C64D922A-7A45-423C-B2BB-F0BEE68B05F2}
	EndGlobalSection
EndGlobal
